{
    "name": "@app/textinput",
    "lockfileVersion": 3,
    "requires": true,
    "packages": {
        "": {
            "name": "@app/textinput",
            "dependencies": {
                "@app/textinput": "file:"
            }
        },
        "node_modules/@app/textinput": {
            "resolved": "",
            "link": true
        }
    }
}
