{
    "name": "@app/plotcreator",
    "lockfileVersion": 3,
    "requires": true,
    "packages": {
        "": {
            "name": "@app/plotcreator",
            "dependencies": {
                "@app/plotcreator": "file:"
            }
        },
        "node_modules/@app/plotcreator": {
            "resolved": "",
            "link": true
        }
    }
}
