{
    "name": "@app/plots",
    "lockfileVersion": 3,
    "requires": true,
    "packages": {
        "": {
            "name": "@app/plots",
            "dependencies": {
                "@app/plots": "file:"
            }
        },
        "node_modules/@app/plots": {
            "resolved": "",
            "link": true
        }
    }
}
