{
    "name": "@app/landing",
    "lockfileVersion": 3,
    "requires": true,
    "packages": {
        "": {
            "name": "@app/landing",
            "dependencies": {
                "@app/landing": "file:"
            }
        },
        "node_modules/@app/landing": {
            "resolved": "",
            "link": true
        }
    }
}
