{
    "name": "@app/challengecalculator",
    "lockfileVersion": 3,
    "requires": true,
    "packages": {
        "": {
            "name": "@app/challengecalculator",
            "dependencies": {
                "@app/bonuscalculator": "file:",
                "@app/challengecalculator": "file:",
                "@app/spellsavecalculator": "file:"
            }
        },
        "node_modules/@app/bonuscalculator": {
            "resolved": "",
            "link": true
        },
        "node_modules/@app/challengecalculator": {
            "resolved": "",
            "link": true
        },
        "node_modules/@app/spellsavecalculator": {
            "resolved": "",
            "link": true
        }
    }
}
