{
    "name": "@app/statblockdata",
    "lockfileVersion": 3,
    "requires": true,
    "packages": {
        "": {
            "name": "@app/statblockdata",
            "dependencies": {
                "@app/statblockdata": "file:"
            }
        },
        "node_modules/@app/statblockdata": {
            "resolved": "",
            "link": true
        }
    }
}
