{
    "name": "@app/attackbonuscalculator",
    "lockfileVersion": 3,
    "requires": true,
    "packages": {
        "": {
            "name": "@app/attackbonuscalculator",
            "dependencies": {
                "@app/attackbonuscalculator": "file:",
                "@app/bonuscalculator": "file:"
            }
        },
        "node_modules/@app/attackbonuscalculator": {
            "resolved": "",
            "link": true
        },
        "node_modules/@app/bonuscalculator": {
            "resolved": "",
            "link": true
        }
    }
}
