{
    "name": "@app/sheetcreator",
    "lockfileVersion": 3,
    "requires": true,
    "packages": {
        "": {
            "name": "@app/sheetcreator",
            "dependencies": {
                "@app/sheetcreator": "file:"
            }
        },
        "node_modules/@app/sheetcreator": {
            "resolved": "",
            "link": true
        }
    }
}
