{
    "name": "@app/statblock",
    "lockfileVersion": 3,
    "requires": true,
    "packages": {
        "": {
            "name": "@app/statblock",
            "dependencies": {
                "@app/statblock": "file:"
            }
        },
        "node_modules/@app/statblock": {
            "resolved": "",
            "link": true
        }
    }
}
